// !$*UTF8*$!
{
	archiveVersion = 1;
	classes = {
	};
	objectVersion = 46;
	objects = {

/* Begin PBXBuildFile section */
		2F8D0AA218649F55001F3390 /* BHSettingsViewController.m in Sources */ = {isa = PBXBuildFile; fileRef = 2F8D0AA018649F55001F3390 /* BHSettingsViewController.m */; };
		2F8D0AA318649F55001F3390 /* BHSettingsViewController.xib in Resources */ = {isa = PBXBuildFile; fileRef = 2F8D0AA118649F55001F3390 /* BHSettingsViewController.xib */; };
		2F8D0AAA1864BE7A001F3390 /* BHAppearanceTheme.m in Sources */ = {isa = PBXBuildFile; fileRef = 2F8D0AA91864BE7A001F3390 /* BHAppearanceTheme.m */; };
		2F8D0AAE1864CB24001F3390 /* bell-ring.caf in Resources */ = {isa = PBXBuildFile; fileRef = 2F8D0AAD1864CB24001F3390 /* bell-ring.caf */; };
		C646E5781864B97E00EFDA50 /* BHTextField.m in Sources */ = {isa = PBXBuildFile; fileRef = C646E5771864B97E00EFDA50 /* BHTextField.m */; };
		C646E57E1864C7C400EFDA50 /* logo@2x.png in Resources */ = {isa = PBXBuildFile; fileRef = C646E57D1864C7C400EFDA50 /* logo@2x.png */; };
		C646E5801864CD6600EFDA50 /* initial@2x.jpg in Resources */ = {isa = PBXBuildFile; fileRef = C646E57F1864CD6600EFDA50 /* initial@2x.jpg */; };
		C6FD78E6186467A8007698FC /* Foundation.framework in Frameworks */ = {isa = PBXBuildFile; fileRef = C6FD78E5186467A8007698FC /* Foundation.framework */; };
		C6FD78E8186467A8007698FC /* CoreGraphics.framework in Frameworks */ = {isa = PBXBuildFile; fileRef = C6FD78E7186467A8007698FC /* CoreGraphics.framework */; };
		C6FD78EA186467A8007698FC /* UIKit.framework in Frameworks */ = {isa = PBXBuildFile; fileRef = C6FD78E9186467A8007698FC /* UIKit.framework */; };
		C6FD78F0186467A8007698FC /* InfoPlist.strings in Resources */ = {isa = PBXBuildFile; fileRef = C6FD78EE186467A8007698FC /* InfoPlist.strings */; };
		C6FD78F2186467A8007698FC /* main.m in Sources */ = {isa = PBXBuildFile; fileRef = C6FD78F1186467A8007698FC /* main.m */; };
		C6FD78F6186467A8007698FC /* AppDelegate.m in Sources */ = {isa = PBXBuildFile; fileRef = C6FD78F5186467A8007698FC /* AppDelegate.m */; };
		C6FD7901186467A8007698FC /* Images.xcassets in Resources */ = {isa = PBXBuildFile; fileRef = C6FD7900186467A8007698FC /* Images.xcassets */; };
		C6FD7908186467A8007698FC /* XCTest.framework in Frameworks */ = {isa = PBXBuildFile; fileRef = C6FD7907186467A8007698FC /* XCTest.framework */; };
		C6FD7909186467A8007698FC /* Foundation.framework in Frameworks */ = {isa = PBXBuildFile; fileRef = C6FD78E5186467A8007698FC /* Foundation.framework */; };
		C6FD790A186467A8007698FC /* UIKit.framework in Frameworks */ = {isa = PBXBuildFile; fileRef = C6FD78E9186467A8007698FC /* UIKit.framework */; };
		C6FD7912186467A8007698FC /* InfoPlist.strings in Resources */ = {isa = PBXBuildFile; fileRef = C6FD7910186467A8007698FC /* InfoPlist.strings */; };
		C6FD7914186467A8007698FC /* BeaconHackTests.m in Sources */ = {isa = PBXBuildFile; fileRef = C6FD7913186467A8007698FC /* BeaconHackTests.m */; };
		C6FD791E18646836007698FC /* CoreLocation.framework in Frameworks */ = {isa = PBXBuildFile; fileRef = C6FD791D18646836007698FC /* CoreLocation.framework */; };
		C6FD7921186479AB007698FC /* CoreAudio.framework in Frameworks */ = {isa = PBXBuildFile; fileRef = C6FD7920186479AB007698FC /* CoreAudio.framework */; };
		C6FD7926186494E0007698FC /* Model.m in Sources */ = {isa = PBXBuildFile; fileRef = C6FD7925186494E0007698FC /* Model.m */; };
		C6FD792D18649709007698FC /* ConfigurationViewController.m in Sources */ = {isa = PBXBuildFile; fileRef = C6FD792C18649709007698FC /* ConfigurationViewController.m */; };
		C6FD793418649C1E007698FC /* Main_iPad.storyboard in Resources */ = {isa = PBXBuildFile; fileRef = C6FD793018649C1E007698FC /* Main_iPad.storyboard */; };
		C6FD793518649C1E007698FC /* Main_iPhone.storyboard in Resources */ = {isa = PBXBuildFile; fileRef = C6FD793218649C1E007698FC /* Main_iPhone.storyboard */; };
		C6FD793818649E18007698FC /* MainViewController.m in Sources */ = {isa = PBXBuildFile; fileRef = C6FD793718649E18007698FC /* MainViewController.m */; };
		C6FD793C1864A2E1007698FC /* InitialViewController.m in Sources */ = {isa = PBXBuildFile; fileRef = C6FD793B1864A2E1007698FC /* InitialViewController.m */; };
		C6FD79421864A3EF007698FC /* MainNavController.m in Sources */ = {isa = PBXBuildFile; fileRef = C6FD79411864A3EF007698FC /* MainNavController.m */; };
		C6FD79491864A468007698FC /* ConfigNavController.m in Sources */ = {isa = PBXBuildFile; fileRef = C6FD79481864A468007698FC /* ConfigNavController.m */; };
		C6FD794D1864A5E5007698FC /* DataManager.m in Sources */ = {isa = PBXBuildFile; fileRef = C6FD794C1864A5E5007698FC /* DataManager.m */; };
/* End PBXBuildFile section */

/* Begin PBXContainerItemProxy section */
		C6FD790B186467A8007698FC /* PBXContainerItemProxy */ = {
			isa = PBXContainerItemProxy;
			containerPortal = C6FD78DA186467A8007698FC /* Project object */;
			proxyType = 1;
			remoteGlobalIDString = C6FD78E1186467A8007698FC;
			remoteInfo = BeaconHack;
		};
/* End PBXContainerItemProxy section */

/* Begin PBXFileReference section */
		2F8D0A9F18649F55001F3390 /* BHSettingsViewController.h */ = {isa = PBXFileReference; fileEncoding = 4; lastKnownFileType = sourcecode.c.h; name = BHSettingsViewController.h; path = BHSettingsViewController/BHSettingsViewController.h; sourceTree = "<group>"; };
		2F8D0AA018649F55001F3390 /* BHSettingsViewController.m */ = {isa = PBXFileReference; fileEncoding = 4; lastKnownFileType = sourcecode.c.objc; name = BHSettingsViewController.m; path = BHSettingsViewController/BHSettingsViewController.m; sourceTree = "<group>"; };
		2F8D0AA118649F55001F3390 /* BHSettingsViewController.xib */ = {isa = PBXFileReference; fileEncoding = 4; lastKnownFileType = file.xib; name = BHSettingsViewController.xib; path = BHSettingsViewController/BHSettingsViewController.xib; sourceTree = "<group>"; };
		2F8D0AA81864BE7A001F3390 /* BHAppearanceTheme.h */ = {isa = PBXFileReference; fileEncoding = 4; lastKnownFileType = sourcecode.c.h; path = BHAppearanceTheme.h; sourceTree = "<group>"; };
		2F8D0AA91864BE7A001F3390 /* BHAppearanceTheme.m */ = {isa = PBXFileReference; fileEncoding = 4; lastKnownFileType = sourcecode.c.objc; path = BHAppearanceTheme.m; sourceTree = "<group>"; };
		2F8D0AAD1864CB24001F3390 /* bell-ring.caf */ = {isa = PBXFileReference; lastKnownFileType = file; path = "bell-ring.caf"; sourceTree = "<group>"; };
		C646E5761864B97E00EFDA50 /* BHTextField.h */ = {isa = PBXFileReference; fileEncoding = 4; lastKnownFileType = sourcecode.c.h; name = BHTextField.h; path = com/components/BHTextField.h; sourceTree = "<group>"; };
		C646E5771864B97E00EFDA50 /* BHTextField.m */ = {isa = PBXFileReference; fileEncoding = 4; lastKnownFileType = sourcecode.c.objc; name = BHTextField.m; path = com/components/BHTextField.m; sourceTree = "<group>"; };
		C646E57D1864C7C400EFDA50 /* logo@2x.png */ = {isa = PBXFileReference; lastKnownFileType = image.png; path = "logo@2x.png"; sourceTree = "<group>"; };
		C646E57F1864CD6600EFDA50 /* initial@2x.jpg */ = {isa = PBXFileReference; lastKnownFileType = image.jpeg; path = "initial@2x.jpg"; sourceTree = "<group>"; };
		C6FD78E2186467A8007698FC /* BeaconHack.app */ = {isa = PBXFileReference; explicitFileType = wrapper.application; includeInIndex = 0; path = BeaconHack.app; sourceTree = BUILT_PRODUCTS_DIR; };
		C6FD78E5186467A8007698FC /* Foundation.framework */ = {isa = PBXFileReference; lastKnownFileType = wrapper.framework; name = Foundation.framework; path = System/Library/Frameworks/Foundation.framework; sourceTree = SDKROOT; };
		C6FD78E7186467A8007698FC /* CoreGraphics.framework */ = {isa = PBXFileReference; lastKnownFileType = wrapper.framework; name = CoreGraphics.framework; path = System/Library/Frameworks/CoreGraphics.framework; sourceTree = SDKROOT; };
		C6FD78E9186467A8007698FC /* UIKit.framework */ = {isa = PBXFileReference; lastKnownFileType = wrapper.framework; name = UIKit.framework; path = System/Library/Frameworks/UIKit.framework; sourceTree = SDKROOT; };
		C6FD78ED186467A8007698FC /* BeaconHack-Info.plist */ = {isa = PBXFileReference; lastKnownFileType = text.plist.xml; path = "BeaconHack-Info.plist"; sourceTree = "<group>"; };
		C6FD78EF186467A8007698FC /* en */ = {isa = PBXFileReference; lastKnownFileType = text.plist.strings; name = en; path = en.lproj/InfoPlist.strings; sourceTree = "<group>"; };
		C6FD78F1186467A8007698FC /* main.m */ = {isa = PBXFileReference; lastKnownFileType = sourcecode.c.objc; path = main.m; sourceTree = "<group>"; };
		C6FD78F3186467A8007698FC /* BeaconHack-Prefix.pch */ = {isa = PBXFileReference; lastKnownFileType = sourcecode.c.h; path = "BeaconHack-Prefix.pch"; sourceTree = "<group>"; };
		C6FD78F4186467A8007698FC /* AppDelegate.h */ = {isa = PBXFileReference; lastKnownFileType = sourcecode.c.h; path = AppDelegate.h; sourceTree = "<group>"; };
		C6FD78F5186467A8007698FC /* AppDelegate.m */ = {isa = PBXFileReference; lastKnownFileType = sourcecode.c.objc; path = AppDelegate.m; sourceTree = "<group>"; };
		C6FD7900186467A8007698FC /* Images.xcassets */ = {isa = PBXFileReference; lastKnownFileType = folder.assetcatalog; path = Images.xcassets; sourceTree = "<group>"; };
		C6FD7906186467A8007698FC /* BeaconHackTests.xctest */ = {isa = PBXFileReference; explicitFileType = wrapper.cfbundle; includeInIndex = 0; path = BeaconHackTests.xctest; sourceTree = BUILT_PRODUCTS_DIR; };
		C6FD7907186467A8007698FC /* XCTest.framework */ = {isa = PBXFileReference; lastKnownFileType = wrapper.framework; name = XCTest.framework; path = Library/Frameworks/XCTest.framework; sourceTree = DEVELOPER_DIR; };
		C6FD790F186467A8007698FC /* BeaconHackTests-Info.plist */ = {isa = PBXFileReference; lastKnownFileType = text.plist.xml; path = "BeaconHackTests-Info.plist"; sourceTree = "<group>"; };
		C6FD7911186467A8007698FC /* en */ = {isa = PBXFileReference; lastKnownFileType = text.plist.strings; name = en; path = en.lproj/InfoPlist.strings; sourceTree = "<group>"; };
		C6FD7913186467A8007698FC /* BeaconHackTests.m */ = {isa = PBXFileReference; lastKnownFileType = sourcecode.c.objc; path = BeaconHackTests.m; sourceTree = "<group>"; };
		C6FD791D18646836007698FC /* CoreLocation.framework */ = {isa = PBXFileReference; lastKnownFileType = wrapper.framework; name = CoreLocation.framework; path = System/Library/Frameworks/CoreLocation.framework; sourceTree = SDKROOT; };
		C6FD7920186479AB007698FC /* CoreAudio.framework */ = {isa = PBXFileReference; lastKnownFileType = wrapper.framework; name = CoreAudio.framework; path = System/Library/Frameworks/CoreAudio.framework; sourceTree = SDKROOT; };
		C6FD7924186494E0007698FC /* Model.h */ = {isa = PBXFileReference; fileEncoding = 4; lastKnownFileType = sourcecode.c.h; name = Model.h; path = com/model/Model.h; sourceTree = "<group>"; };
		C6FD7925186494E0007698FC /* Model.m */ = {isa = PBXFileReference; fileEncoding = 4; lastKnownFileType = sourcecode.c.objc; name = Model.m; path = com/model/Model.m; sourceTree = "<group>"; };
		C6FD792B18649709007698FC /* ConfigurationViewController.h */ = {isa = PBXFileReference; fileEncoding = 4; lastKnownFileType = sourcecode.c.h; name = ConfigurationViewController.h; path = com/viewcontrollers/configuration/ConfigurationViewController.h; sourceTree = "<group>"; };
		C6FD792C18649709007698FC /* ConfigurationViewController.m */ = {isa = PBXFileReference; fileEncoding = 4; lastKnownFileType = sourcecode.c.objc; name = ConfigurationViewController.m; path = com/viewcontrollers/configuration/ConfigurationViewController.m; sourceTree = "<group>"; };
		C6FD793118649C1E007698FC /* Base */ = {isa = PBXFileReference; lastKnownFileType = file.storyboard; name = Base; path = Base.lproj/Main_iPad.storyboard; sourceTree = "<group>"; };
		C6FD793318649C1E007698FC /* Base */ = {isa = PBXFileReference; lastKnownFileType = file.storyboard; name = Base; path = Base.lproj/Main_iPhone.storyboard; sourceTree = "<group>"; };
		C6FD793618649E18007698FC /* MainViewController.h */ = {isa = PBXFileReference; fileEncoding = 4; lastKnownFileType = sourcecode.c.h; name = MainViewController.h; path = com/viewcontrollers/main/MainViewController.h; sourceTree = "<group>"; };
		C6FD793718649E18007698FC /* MainViewController.m */ = {isa = PBXFileReference; fileEncoding = 4; lastKnownFileType = sourcecode.c.objc; name = MainViewController.m; path = com/viewcontrollers/main/MainViewController.m; sourceTree = "<group>"; };
		C6FD793A1864A2E1007698FC /* InitialViewController.h */ = {isa = PBXFileReference; fileEncoding = 4; lastKnownFileType = sourcecode.c.h; name = InitialViewController.h; path = com/viewcontrollers/initial/InitialViewController.h; sourceTree = "<group>"; };
		C6FD793B1864A2E1007698FC /* InitialViewController.m */ = {isa = PBXFileReference; fileEncoding = 4; lastKnownFileType = sourcecode.c.objc; name = InitialViewController.m; path = com/viewcontrollers/initial/InitialViewController.m; sourceTree = "<group>"; };
		C6FD79401864A3EF007698FC /* MainNavController.h */ = {isa = PBXFileReference; fileEncoding = 4; lastKnownFileType = sourcecode.c.h; name = MainNavController.h; path = com/navcontrollers/main/MainNavController.h; sourceTree = "<group>"; };
		C6FD79411864A3EF007698FC /* MainNavController.m */ = {isa = PBXFileReference; fileEncoding = 4; lastKnownFileType = sourcecode.c.objc; name = MainNavController.m; path = com/navcontrollers/main/MainNavController.m; sourceTree = "<group>"; };
		C6FD79471864A468007698FC /* ConfigNavController.h */ = {isa = PBXFileReference; fileEncoding = 4; lastKnownFileType = sourcecode.c.h; name = ConfigNavController.h; path = com/navcontrollers/configuration/ConfigNavController.h; sourceTree = "<group>"; };
		C6FD79481864A468007698FC /* ConfigNavController.m */ = {isa = PBXFileReference; fileEncoding = 4; lastKnownFileType = sourcecode.c.objc; name = ConfigNavController.m; path = com/navcontrollers/configuration/ConfigNavController.m; sourceTree = "<group>"; };
		C6FD794B1864A5E5007698FC /* DataManager.h */ = {isa = PBXFileReference; fileEncoding = 4; lastKnownFileType = sourcecode.c.h; name = DataManager.h; path = com/util/DataManager.h; sourceTree = "<group>"; };
		C6FD794C1864A5E5007698FC /* DataManager.m */ = {isa = PBXFileReference; fileEncoding = 4; lastKnownFileType = sourcecode.c.objc; name = DataManager.m; path = com/util/DataManager.m; sourceTree = "<group>"; };
/* End PBXFileReference section */

/* Begin PBXFrameworksBuildPhase section */
		C6FD78DF186467A8007698FC /* Frameworks */ = {
			isa = PBXFrameworksBuildPhase;
			buildActionMask = 2147483647;
			files = (
				C6FD7921186479AB007698FC /* CoreAudio.framework in Frameworks */,
				C6FD791E18646836007698FC /* CoreLocation.framework in Frameworks */,
				C6FD78E8186467A8007698FC /* CoreGraphics.framework in Frameworks */,
				C6FD78EA186467A8007698FC /* UIKit.framework in Frameworks */,
				C6FD78E6186467A8007698FC /* Foundation.framework in Frameworks */,
			);
			runOnlyForDeploymentPostprocessing = 0;
		};
		C6FD7903186467A8007698FC /* Frameworks */ = {
			isa = PBXFrameworksBuildPhase;
			buildActionMask = 2147483647;
			files = (
				C6FD7908186467A8007698FC /* XCTest.framework in Frameworks */,
				C6FD790A186467A8007698FC /* UIKit.framework in Frameworks */,
				C6FD7909186467A8007698FC /* Foundation.framework in Frameworks */,
			);
			runOnlyForDeploymentPostprocessing = 0;
		};
/* End PBXFrameworksBuildPhase section */

/* Begin PBXGroup section */
		2F8D0AA418649F5E001F3390 /* Settings */ = {
			isa = PBXGroup;
			children = (
				2F8D0A9F18649F55001F3390 /* BHSettingsViewController.h */,
				2F8D0AA018649F55001F3390 /* BHSettingsViewController.m */,
				2F8D0AA118649F55001F3390 /* BHSettingsViewController.xib */,
			);
			name = Settings;
			sourceTree = "<group>";
		};
		C646E5751864B95700EFDA50 /* components */ = {
			isa = PBXGroup;
			children = (
				C646E5761864B97E00EFDA50 /* BHTextField.h */,
				C646E5771864B97E00EFDA50 /* BHTextField.m */,
			);
			name = components;
			sourceTree = "<group>";
		};
		C646E57C1864C7C400EFDA50 /* resources */ = {
			isa = PBXGroup;
			children = (
				C646E57F1864CD6600EFDA50 /* initial@2x.jpg */,
				C646E57D1864C7C400EFDA50 /* logo@2x.png */,
			);
			path = resources;
			sourceTree = "<group>";
		};
		C6FD78D9186467A8007698FC = {
			isa = PBXGroup;
			children = (
				C6FD78EB186467A8007698FC /* BeaconHack */,
				C6FD790D186467A8007698FC /* BeaconHackTests */,
				C6FD78E4186467A8007698FC /* Frameworks */,
				C6FD78E3186467A8007698FC /* Products */,
			);
			sourceTree = "<group>";
		};
		C6FD78E3186467A8007698FC /* Products */ = {
			isa = PBXGroup;
			children = (
				C6FD78E2186467A8007698FC /* BeaconHack.app */,
				C6FD7906186467A8007698FC /* BeaconHackTests.xctest */,
			);
			name = Products;
			sourceTree = "<group>";
		};
		C6FD78E4186467A8007698FC /* Frameworks */ = {
			isa = PBXGroup;
			children = (
				C6FD7920186479AB007698FC /* CoreAudio.framework */,
				C6FD791D18646836007698FC /* CoreLocation.framework */,
				C6FD78E5186467A8007698FC /* Foundation.framework */,
				C6FD78E7186467A8007698FC /* CoreGraphics.framework */,
				C6FD78E9186467A8007698FC /* UIKit.framework */,
				C6FD7907186467A8007698FC /* XCTest.framework */,
			);
			name = Frameworks;
			sourceTree = "<group>";
		};
		C6FD78EB186467A8007698FC /* BeaconHack */ = {
			isa = PBXGroup;
			children = (
				C646E57C1864C7C400EFDA50 /* resources */,
				C6FD793018649C1E007698FC /* Main_iPad.storyboard */,
				C6FD793218649C1E007698FC /* Main_iPhone.storyboard */,
				C6FD7927186494E3007698FC /* com */,
				C6FD78F4186467A8007698FC /* AppDelegate.h */,
				C6FD78F5186467A8007698FC /* AppDelegate.m */,
				2F8D0AA81864BE7A001F3390 /* BHAppearanceTheme.h */,
				2F8D0AA91864BE7A001F3390 /* BHAppearanceTheme.m */,
				C6FD7900186467A8007698FC /* Images.xcassets */,
				2F8D0AA418649F5E001F3390 /* Settings */,
				C6FD78EC186467A8007698FC /* Supporting Files */,
			);
			path = BeaconHack;
			sourceTree = "<group>";
		};
		C6FD78EC186467A8007698FC /* Supporting Files */ = {
			isa = PBXGroup;
			children = (
				2F8D0AAD1864CB24001F3390 /* bell-ring.caf */,
				C6FD78ED186467A8007698FC /* BeaconHack-Info.plist */,
				C6FD78EE186467A8007698FC /* InfoPlist.strings */,
				C6FD78F1186467A8007698FC /* main.m */,
				C6FD78F3186467A8007698FC /* BeaconHack-Prefix.pch */,
			);
			name = "Supporting Files";
			sourceTree = "<group>";
		};
		C6FD790D186467A8007698FC /* BeaconHackTests */ = {
			isa = PBXGroup;
			children = (
				C6FD7913186467A8007698FC /* BeaconHackTests.m */,
				C6FD790E186467A8007698FC /* Supporting Files */,
			);
			path = BeaconHackTests;
			sourceTree = "<group>";
		};
		C6FD790E186467A8007698FC /* Supporting Files */ = {
			isa = PBXGroup;
			children = (
				C6FD790F186467A8007698FC /* BeaconHackTests-Info.plist */,
				C6FD7910186467A8007698FC /* InfoPlist.strings */,
			);
			name = "Supporting Files";
			sourceTree = "<group>";
		};
		C6FD7923186494A7007698FC /* model */ = {
			isa = PBXGroup;
			children = (
				C6FD7924186494E0007698FC /* Model.h */,
				C6FD7925186494E0007698FC /* Model.m */,
			);
			name = model;
			sourceTree = "<group>";
		};
		C6FD7927186494E3007698FC /* com */ = {
			isa = PBXGroup;
			children = (
				C646E5751864B95700EFDA50 /* components */,
				C6FD794A1864A5C7007698FC /* util */,
				C6FD793D1864A366007698FC /* navcontrollers */,
				C6FD7928186494FB007698FC /* viewcontrollers */,
				C6FD7923186494A7007698FC /* model */,
			);
			name = com;
			sourceTree = "<group>";
		};
		C6FD7928186494FB007698FC /* viewcontrollers */ = {
			isa = PBXGroup;
			children = (
				C6FD79391864A2CA007698FC /* initial */,
				C6FD792A186496A7007698FC /* main */,
				C6FD79291864969B007698FC /* configuration */,
			);
			name = viewcontrollers;
			sourceTree = "<group>";
		};
		C6FD79291864969B007698FC /* configuration */ = {
			isa = PBXGroup;
			children = (
				C6FD792B18649709007698FC /* ConfigurationViewController.h */,
				C6FD792C18649709007698FC /* ConfigurationViewController.m */,
			);
			name = configuration;
			sourceTree = "<group>";
		};
		C6FD792A186496A7007698FC /* main */ = {
			isa = PBXGroup;
			children = (
				C6FD793618649E18007698FC /* MainViewController.h */,
				C6FD793718649E18007698FC /* MainViewController.m */,
			);
			name = main;
			sourceTree = "<group>";
		};
		C6FD79391864A2CA007698FC /* initial */ = {
			isa = PBXGroup;
			children = (
				C6FD793A1864A2E1007698FC /* InitialViewController.h */,
				C6FD793B1864A2E1007698FC /* InitialViewController.m */,
			);
			name = initial;
			sourceTree = "<group>";
		};
		C6FD793D1864A366007698FC /* navcontrollers */ = {
			isa = PBXGroup;
			children = (
				C6FD79461864A44B007698FC /* configuration */,
				C6FD793F1864A37B007698FC /* main */,
			);
			name = navcontrollers;
			sourceTree = "<group>";
		};
		C6FD793F1864A37B007698FC /* main */ = {
			isa = PBXGroup;
			children = (
				C6FD79401864A3EF007698FC /* MainNavController.h */,
				C6FD79411864A3EF007698FC /* MainNavController.m */,
			);
			name = main;
			sourceTree = "<group>";
		};
		C6FD79461864A44B007698FC /* configuration */ = {
			isa = PBXGroup;
			children = (
				C6FD79471864A468007698FC /* ConfigNavController.h */,
				C6FD79481864A468007698FC /* ConfigNavController.m */,
			);
			name = configuration;
			sourceTree = "<group>";
		};
		C6FD794A1864A5C7007698FC /* util */ = {
			isa = PBXGroup;
			children = (
				C6FD794B1864A5E5007698FC /* DataManager.h */,
				C6FD794C1864A5E5007698FC /* DataManager.m */,
			);
			name = util;
			sourceTree = "<group>";
		};
/* End PBXGroup section */

/* Begin PBXNativeTarget section */
		C6FD78E1186467A8007698FC /* BeaconHack */ = {
			isa = PBXNativeTarget;
			buildConfigurationList = C6FD7917186467A8007698FC /* Build configuration list for PBXNativeTarget "BeaconHack" */;
			buildPhases = (
				C6FD78DE186467A8007698FC /* Sources */,
				C6FD78DF186467A8007698FC /* Frameworks */,
				C6FD78E0186467A8007698FC /* Resources */,
			);
			buildRules = (
			);
			dependencies = (
			);
			name = BeaconHack;
			productName = BeaconHack;
			productReference = C6FD78E2186467A8007698FC /* BeaconHack.app */;
			productType = "com.apple.product-type.application";
		};
		C6FD7905186467A8007698FC /* BeaconHackTests */ = {
			isa = PBXNativeTarget;
			buildConfigurationList = C6FD791A186467A8007698FC /* Build configuration list for PBXNativeTarget "BeaconHackTests" */;
			buildPhases = (
				C6FD7902186467A8007698FC /* Sources */,
				C6FD7903186467A8007698FC /* Frameworks */,
				C6FD7904186467A8007698FC /* Resources */,
			);
			buildRules = (
			);
			dependencies = (
				C6FD790C186467A8007698FC /* PBXTargetDependency */,
			);
			name = BeaconHackTests;
			productName = BeaconHackTests;
			productReference = C6FD7906186467A8007698FC /* BeaconHackTests.xctest */;
			productType = "com.apple.product-type.bundle.unit-test";
		};
/* End PBXNativeTarget section */

/* Begin PBXProject section */
		C6FD78DA186467A8007698FC /* Project object */ = {
			isa = PBXProject;
			attributes = {
				LastUpgradeCheck = 0500;
				ORGANIZATIONNAME = "Squid Ink Games";
				TargetAttributes = {
					C6FD78E1186467A8007698FC = {
						SystemCapabilities = {
							com.apple.BackgroundModes = {
								enabled = 1;
							};
						};
					};
					C6FD7905186467A8007698FC = {
						TestTargetID = C6FD78E1186467A8007698FC;
					};
				};
			};
			buildConfigurationList = C6FD78DD186467A8007698FC /* Build configuration list for PBXProject "BeaconHack" */;
			compatibilityVersion = "Xcode 3.2";
			developmentRegion = English;
			hasScannedForEncodings = 0;
			knownRegions = (
				en,
				Base,
			);
			mainGroup = C6FD78D9186467A8007698FC;
			productRefGroup = C6FD78E3186467A8007698FC /* Products */;
			projectDirPath = "";
			projectRoot = "";
			targets = (
				C6FD78E1186467A8007698FC /* BeaconHack */,
				C6FD7905186467A8007698FC /* BeaconHackTests */,
			);
		};
/* End PBXProject section */

/* Begin PBXResourcesBuildPhase section */
		C6FD78E0186467A8007698FC /* Resources */ = {
			isa = PBXResourcesBuildPhase;
			buildActionMask = 2147483647;
			files = (
				2F8D0AAE1864CB24001F3390 /* bell-ring.caf in Resources */,
				C646E5801864CD6600EFDA50 /* initial@2x.jpg in Resources */,
				C6FD793518649C1E007698FC /* Main_iPhone.storyboard in Resources */,
				C646E57E1864C7C400EFDA50 /* logo@2x.png in Resources */,
				C6FD793418649C1E007698FC /* Main_iPad.storyboard in Resources */,
				C6FD7901186467A8007698FC /* Images.xcassets in Resources */,
				2F8D0AA318649F55001F3390 /* BHSettingsViewController.xib in Resources */,
				C6FD78F0186467A8007698FC /* InfoPlist.strings in Resources */,
			);
			runOnlyForDeploymentPostprocessing = 0;
		};
		C6FD7904186467A8007698FC /* Resources */ = {
			isa = PBXResourcesBuildPhase;
			buildActionMask = 2147483647;
			files = (
				C6FD7912186467A8007698FC /* InfoPlist.strings in Resources */,
			);
			runOnlyForDeploymentPostprocessing = 0;
		};
/* End PBXResourcesBuildPhase section */

/* Begin PBXSourcesBuildPhase section */
		C6FD78DE186467A8007698FC /* Sources */ = {
			isa = PBXSourcesBuildPhase;
			buildActionMask = 2147483647;
			files = (
				C6FD793818649E18007698FC /* MainViewController.m in Sources */,
				C6FD78F6186467A8007698FC /* AppDelegate.m in Sources */,
				C6FD78F2186467A8007698FC /* main.m in Sources */,
				C6FD793C1864A2E1007698FC /* InitialViewController.m in Sources */,
				C646E5781864B97E00EFDA50 /* BHTextField.m in Sources */,
				2F8D0AA218649F55001F3390 /* BHSettingsViewController.m in Sources */,
				C6FD7926186494E0007698FC /* Model.m in Sources */,
				C6FD792D18649709007698FC /* ConfigurationViewController.m in Sources */,
				C6FD79421864A3EF007698FC /* MainNavController.m in Sources */,
				C6FD794D1864A5E5007698FC /* DataManager.m in Sources */,
				C6FD79491864A468007698FC /* ConfigNavController.m in Sources */,
				2F8D0AAA1864BE7A001F3390 /* BHAppearanceTheme.m in Sources */,
			);
			runOnlyForDeploymentPostprocessing = 0;
		};
		C6FD7902186467A8007698FC /* Sources */ = {
			isa = PBXSourcesBuildPhase;
			buildActionMask = 2147483647;
			files = (
				C6FD7914186467A8007698FC /* BeaconHackTests.m in Sources */,
			);
			runOnlyForDeploymentPostprocessing = 0;
		};
/* End PBXSourcesBuildPhase section */

/* Begin PBXTargetDependency section */
		C6FD790C186467A8007698FC /* PBXTargetDependency */ = {
			isa = PBXTargetDependency;
			target = C6FD78E1186467A8007698FC /* BeaconHack */;
			targetProxy = C6FD790B186467A8007698FC /* PBXContainerItemProxy */;
		};
/* End PBXTargetDependency section */

/* Begin PBXVariantGroup section */
		C6FD78EE186467A8007698FC /* InfoPlist.strings */ = {
			isa = PBXVariantGroup;
			children = (
				C6FD78EF186467A8007698FC /* en */,
			);
			name = InfoPlist.strings;
			sourceTree = "<group>";
		};
		C6FD7910186467A8007698FC /* InfoPlist.strings */ = {
			isa = PBXVariantGroup;
			children = (
				C6FD7911186467A8007698FC /* en */,
			);
			name = InfoPlist.strings;
			sourceTree = "<group>";
		};
		C6FD793018649C1E007698FC /* Main_iPad.storyboard */ = {
			isa = PBXVariantGroup;
			children = (
				C6FD793118649C1E007698FC /* Base */,
			);
			name = Main_iPad.storyboard;
			sourceTree = "<group>";
		};
		C6FD793218649C1E007698FC /* Main_iPhone.storyboard */ = {
			isa = PBXVariantGroup;
			children = (
				C6FD793318649C1E007698FC /* Base */,
			);
			name = Main_iPhone.storyboard;
			sourceTree = "<group>";
		};
/* End PBXVariantGroup section */

/* Begin XCBuildConfiguration section */
		C6FD7915186467A8007698FC /* Debug */ = {
			isa = XCBuildConfiguration;
			buildSettings = {
				ALWAYS_SEARCH_USER_PATHS = NO;
				ARCHS = "$(ARCHS_STANDARD_INCLUDING_64_BIT)";
				CLANG_CXX_LANGUAGE_STANDARD = "gnu++0x";
				CLANG_CXX_LIBRARY = "libc++";
				CLANG_ENABLE_MODULES = YES;
				CLANG_ENABLE_OBJC_ARC = YES;
				CLANG_WARN_BOOL_CONVERSION = YES;
				CLANG_WARN_CONSTANT_CONVERSION = YES;
				CLANG_WARN_DIRECT_OBJC_ISA_USAGE = YES_ERROR;
				CLANG_WARN_EMPTY_BODY = YES;
				CLANG_WARN_ENUM_CONVERSION = YES;
				CLANG_WARN_INT_CONVERSION = YES;
				CLANG_WARN_OBJC_ROOT_CLASS = YES_ERROR;
				CLANG_WARN__DUPLICATE_METHOD_MATCH = YES;
				"CODE_SIGN_IDENTITY[sdk=iphoneos*]" = "iPhone Developer";
				COPY_PHASE_STRIP = NO;
				GCC_C_LANGUAGE_STANDARD = gnu99;
				GCC_DYNAMIC_NO_PIC = NO;
				GCC_OPTIMIZATION_LEVEL = 0;
				GCC_PREPROCESSOR_DEFINITIONS = (
					"DEBUG=1",
					"$(inherited)",
				);
				GCC_SYMBOLS_PRIVATE_EXTERN = NO;
				GCC_WARN_64_TO_32_BIT_CONVERSION = YES;
				GCC_WARN_ABOUT_RETURN_TYPE = YES_ERROR;
				GCC_WARN_UNDECLARED_SELECTOR = YES;
				GCC_WARN_UNINITIALIZED_AUTOS = YES;
				GCC_WARN_UNUSED_FUNCTION = YES;
				GCC_WARN_UNUSED_VARIABLE = YES;
				IPHONEOS_DEPLOYMENT_TARGET = 7.0;
				ONLY_ACTIVE_ARCH = YES;
				SDKROOT = iphoneos;
				TARGETED_DEVICE_FAMILY = "1,2";
			};
			name = Debug;
		};
		C6FD7916186467A8007698FC /* Release */ = {
			isa = XCBuildConfiguration;
			buildSettings = {
				ALWAYS_SEARCH_USER_PATHS = NO;
				ARCHS = "$(ARCHS_STANDARD_INCLUDING_64_BIT)";
				CLANG_CXX_LANGUAGE_STANDARD = "gnu++0x";
				CLANG_CXX_LIBRARY = "libc++";
				CLANG_ENABLE_MODULES = YES;
				CLANG_ENABLE_OBJC_ARC = YES;
				CLANG_WARN_BOOL_CONVERSION = YES;
				CLANG_WARN_CONSTANT_CONVERSION = YES;
				CLANG_WARN_DIRECT_OBJC_ISA_USAGE = YES_ERROR;
				CLANG_WARN_EMPTY_BODY = YES;
				CLANG_WARN_ENUM_CONVERSION = YES;
				CLANG_WARN_INT_CONVERSION = YES;
				CLANG_WARN_OBJC_ROOT_CLASS = YES_ERROR;
				CLANG_WARN__DUPLICATE_METHOD_MATCH = YES;
				"CODE_SIGN_IDENTITY[sdk=iphoneos*]" = "iPhone Developer";
				COPY_PHASE_STRIP = YES;
				ENABLE_NS_ASSERTIONS = NO;
				GCC_C_LANGUAGE_STANDARD = gnu99;
				GCC_WARN_64_TO_32_BIT_CONVERSION = YES;
				GCC_WARN_ABOUT_RETURN_TYPE = YES_ERROR;
				GCC_WARN_UNDECLARED_SELECTOR = YES;
				GCC_WARN_UNINITIALIZED_AUTOS = YES;
				GCC_WARN_UNUSED_FUNCTION = YES;
				GCC_WARN_UNUSED_VARIABLE = YES;
				IPHONEOS_DEPLOYMENT_TARGET = 7.0;
				SDKROOT = iphoneos;
				TARGETED_DEVICE_FAMILY = "1,2";
				VALIDATE_PRODUCT = YES;
			};
			name = Release;
		};
		C6FD7918186467A8007698FC /* Debug */ = {
			isa = XCBuildConfiguration;
			buildSettings = {
				ASSETCATALOG_COMPILER_APPICON_NAME = AppIcon;
				ASSETCATALOG_COMPILER_LAUNCHIMAGE_NAME = LaunchImage;
				GCC_PRECOMPILE_PREFIX_HEADER = YES;
				GCC_PREFIX_HEADER = "BeaconHack/BeaconHack-Prefix.pch";
				INFOPLIST_FILE = "BeaconHack/BeaconHack-Info.plist";
				PRODUCT_NAME = "$(TARGET_NAME)";
				TARGETED_DEVICE_FAMILY = 1;
				WRAPPER_EXTENSION = app;
			};
			name = Debug;
		};
		C6FD7919186467A8007698FC /* Release */ = {
			isa = XCBuildConfiguration;
			buildSettings = {
				ASSETCATALOG_COMPILER_APPICON_NAME = AppIcon;
				ASSETCATALOG_COMPILER_LAUNCHIMAGE_NAME = LaunchImage;
				GCC_PRECOMPILE_PREFIX_HEADER = YES;
				GCC_PREFIX_HEADER = "BeaconHack/BeaconHack-Prefix.pch";
				INFOPLIST_FILE = "BeaconHack/BeaconHack-Info.plist";
				PRODUCT_NAME = "$(TARGET_NAME)";
				TARGETED_DEVICE_FAMILY = 1;
				WRAPPER_EXTENSION = app;
			};
			name = Release;
		};
		C6FD791B186467A8007698FC /* Debug */ = {
			isa = XCBuildConfiguration;
			buildSettings = {
				ARCHS = "$(ARCHS_STANDARD_INCLUDING_64_BIT)";
				BUNDLE_LOADER = "$(BUILT_PRODUCTS_DIR)/BeaconHack.app/BeaconHack";
				FRAMEWORK_SEARCH_PATHS = (
					"$(SDKROOT)/Developer/Library/Frameworks",
					"$(inherited)",
					"$(DEVELOPER_FRAMEWORKS_DIR)",
				);
				GCC_PRECOMPILE_PREFIX_HEADER = YES;
				GCC_PREFIX_HEADER = "BeaconHack/BeaconHack-Prefix.pch";
				GCC_PREPROCESSOR_DEFINITIONS = (
					"DEBUG=1",
					"$(inherited)",
				);
				INFOPLIST_FILE = "BeaconHackTests/BeaconHackTests-Info.plist";
				PRODUCT_NAME = "$(TARGET_NAME)";
				TEST_HOST = "$(BUNDLE_LOADER)";
				WRAPPER_EXTENSION = xctest;
			};
			name = Debug;
		};
		C6FD791C186467A8007698FC /* Release */ = {
			isa = XCBuildConfiguration;
			buildSettings = {
				ARCHS = "$(ARCHS_STANDARD_INCLUDING_64_BIT)";
				BUNDLE_LOADER = "$(BUILT_PRODUCTS_DIR)/BeaconHack.app/BeaconHack";
				FRAMEWORK_SEARCH_PATHS = (
					"$(SDKROOT)/Developer/Library/Frameworks",
					"$(inherited)",
					"$(DEVELOPER_FRAMEWORKS_DIR)",
				);
				GCC_PRECOMPILE_PREFIX_HEADER = YES;
				GCC_PREFIX_HEADER = "BeaconHack/BeaconHack-Prefix.pch";
				INFOPLIST_FILE = "BeaconHackTests/BeaconHackTests-Info.plist";
				PRODUCT_NAME = "$(TARGET_NAME)";
				TEST_HOST = "$(BUNDLE_LOADER)";
				WRAPPER_EXTENSION = xctest;
			};
			name = Release;
		};
/* End XCBuildConfiguration section */

/* Begin XCConfigurationList section */
		C6FD78DD186467A8007698FC /* Build configuration list for PBXProject "BeaconHack" */ = {
			isa = XCConfigurationList;
			buildConfigurations = (
				C6FD7915186467A8007698FC /* Debug */,
				C6FD7916186467A8007698FC /* Release */,
			);
			defaultConfigurationIsVisible = 0;
			defaultConfigurationName = Release;
		};
		C6FD7917186467A8007698FC /* Build configuration list for PBXNativeTarget "BeaconHack" */ = {
			isa = XCConfigurationList;
			buildConfigurations = (
				C6FD7918186467A8007698FC /* Debug */,
				C6FD7919186467A8007698FC /* Release */,
			);
			defaultConfigurationIsVisible = 0;
			defaultConfigurationName = Release;
		};
		C6FD791A186467A8007698FC /* Build configuration list for PBXNativeTarget "BeaconHackTests" */ = {
			isa = XCConfigurationList;
			buildConfigurations = (
				C6FD791B186467A8007698FC /* Debug */,
				C6FD791C186467A8007698FC /* Release */,
			);
			defaultConfigurationIsVisible = 0;
			defaultConfigurationName = Release;
		};
/* End XCConfigurationList section */
	};
	rootObject = C6FD78DA186467A8007698FC /* Project object */;
}
